
Microsoft Visual Studio Solution File, Format Version 12.00
# Visual Studio 15
VisualStudioVersion = 15.0.27703.2018
MinimumVisualStudioVersion = 10.0.40219.1
Project("{9A19103F-16F7-4668-BE54-9A1E7A4F7556}") = "MyGameStartup.Web", "MyGameStartup.Web\MyGameStartup.Web.csproj", "{483FB6A4-9438-47A0-84B3-3C96346F48A5}"
EndProject
Project("{9A19103F-16F7-4668-BE54-9A1E7A4F7556}") = "MyGameStartup.Domain", "MyGameStartup.Domain\MyGameStartup.Domain.csproj", "{EAC61F11-BEC2-4278-8692-4C5202C754DA}"
EndProject
Project("{9A19103F-16F7-4668-BE54-9A1E7A4F7556}") = "MyGameStartup.Data", "MyGameStartup.Data\MyGameStartup.Data.csproj", "{B8E88B63-5BEA-4010-877C-B2F1D6A4896B}"
EndProject
Project("{2150E333-8FDC-42A3-9474-1A3956D46DE8}") = "Documentation", "Documentation", "{BD8BD145-18E7-4BD1-83A6-84786CB551B3}"
	ProjectSection(SolutionItems) = preProject
		README.md = README.md
	EndProjectSection
EndProject
Global
	GlobalSection(SolutionConfigurationPlatforms) = preSolution
		Debug|Any CPU = Debug|Any CPU
		Release|Any CPU = Release|Any CPU
	EndGlobalSection
	GlobalSection(ProjectConfigurationPlatforms) = postSolution
		{483FB6A4-9438-47A0-84B3-3C96346F48A5}.Debug|Any CPU.ActiveCfg = Debug|Any CPU
		{483FB6A4-9438-47A0-84B3-3C96346F48A5}.Debug|Any CPU.Build.0 = Debug|Any CPU
		{483FB6A4-9438-47A0-84B3-3C96346F48A5}.Release|Any CPU.ActiveCfg = Release|Any CPU
		{483FB6A4-9438-47A0-84B3-3C96346F48A5}.Release|Any CPU.Build.0 = Release|Any CPU
		{EAC61F11-BEC2-4278-8692-4C5202C754DA}.Debug|Any CPU.ActiveCfg = Debug|Any CPU
		{EAC61F11-BEC2-4278-8692-4C5202C754DA}.Debug|Any CPU.Build.0 = Debug|Any CPU
		{EAC61F11-BEC2-4278-8692-4C5202C754DA}.Release|Any CPU.ActiveCfg = Release|Any CPU
		{EAC61F11-BEC2-4278-8692-4C5202C754DA}.Release|Any CPU.Build.0 = Release|Any CPU
		{B8E88B63-5BEA-4010-877C-B2F1D6A4896B}.Debug|Any CPU.ActiveCfg = Debug|Any CPU
		{B8E88B63-5BEA-4010-877C-B2F1D6A4896B}.Debug|Any CPU.Build.0 = Debug|Any CPU
		{B8E88B63-5BEA-4010-877C-B2F1D6A4896B}.Release|Any CPU.ActiveCfg = Release|Any CPU
		{B8E88B63-5BEA-4010-877C-B2F1D6A4896B}.Release|Any CPU.Build.0 = Release|Any CPU
	EndGlobalSection
	GlobalSection(SolutionProperties) = preSolution
		HideSolutionNode = FALSE
	EndGlobalSection
	GlobalSection(ExtensibilityGlobals) = postSolution
		SolutionGuid = {893EC49A-C14A-49D6-8D73-62F98BE95739}
	EndGlobalSection
EndGlobal
